
Microsoft Visual Studio Solution File, Format Version 12.00
# Visual Studio Version 17
VisualStudioVersion = 17.6.33815.320
MinimumVisualStudioVersion = 10.0.40219.1
Project("{8BC9CEB8-8B4A-11D0-8D11-00A0C91BC942}") = "Crosses are zeros", "Crosses are zeros.vcxproj", "{034385B9-3FBE-4217-B62A-7E8AD47F0EE9}"
EndProject
Global
	GlobalSection(SolutionConfigurationPlatforms) = preSolution
		Debug|x64 = Debug|x64
		Debug|x86 = Debug|x86
		Release|x64 = Release|x64
		Release|x86 = Release|x86
	EndGlobalSection
	GlobalSection(ProjectConfigurationPlatforms) = postSolution
		{034385B9-3FBE-4217-B62A-7E8AD47F0EE9}.Debug|x64.ActiveCfg = Debug|x64
		{034385B9-3FBE-4217-B62A-7E8AD47F0EE9}.Debug|x64.Build.0 = Debug|x64
		{034385B9-3FBE-4217-B62A-7E8AD47F0EE9}.Debug|x86.ActiveCfg = Debug|Win32
		{034385B9-3FBE-4217-B62A-7E8AD47F0EE9}.Debug|x86.Build.0 = Debug|Win32
		{034385B9-3FBE-4217-B62A-7E8AD47F0EE9}.Release|x64.ActiveCfg = Release|x64
		{034385B9-3FBE-4217-B62A-7E8AD47F0EE9}.Release|x64.Build.0 = Release|x64
		{034385B9-3FBE-4217-B62A-7E8AD47F0EE9}.Release|x86.ActiveCfg = Release|Win32
		{034385B9-3FBE-4217-B62A-7E8AD47F0EE9}.Release|x86.Build.0 = Release|Win32
	EndGlobalSection
	GlobalSection(SolutionProperties) = preSolution
		HideSolutionNode = FALSE
	EndGlobalSection
	GlobalSection(ExtensibilityGlobals) = postSolution
		SolutionGuid = {C734A2DB-8E00-4376-89CD-F8D60C7F1B09}
	EndGlobalSection
EndGlobal
